// !$*UTF8*$!
{
	archiveVersion = 1;
	classes = {
	};
	objectVersion = 46;
	objects = {

/* Begin PBXBuildFile section */
		15C9A1982EA240D2FC743D59 /* Pods_Flicks.framework in Frameworks */ = {isa = PBXBuildFile; fileRef = 32D29FEF92EF2DC61F31D6A4 /* Pods_Flicks.framework */; };
		4A802F279FE912FEE281C62E /* Pods_FlicksUITests.framework in Frameworks */ = {isa = PBXBuildFile; fileRef = 1374694BA843467646807CC9 /* Pods_FlicksUITests.framework */; };
		B5552A9A1E484F44009A87D9 /* MovieCell.swift in Sources */ = {isa = PBXBuildFile; fileRef = B5552A991E484F44009A87D9 /* MovieCell.swift */; };
		C72EFA6B1E4703FE0097782D /* AppDelegate.swift in Sources */ = {isa = PBXBuildFile; fileRef = C72EFA6A1E4703FE0097782D /* AppDelegate.swift */; };
		C72EFA701E4703FE0097782D /* Main.storyboard in Resources */ = {isa = PBXBuildFile; fileRef = C72EFA6E1E4703FE0097782D /* Main.storyboard */; };
		C72EFA721E4703FE0097782D /* Assets.xcassets in Resources */ = {isa = PBXBuildFile; fileRef = C72EFA711E4703FE0097782D /* Assets.xcassets */; };
		C72EFA751E4703FE0097782D /* LaunchScreen.storyboard in Resources */ = {isa = PBXBuildFile; fileRef = C72EFA731E4703FE0097782D /* LaunchScreen.storyboard */; };
		C72EFA801E4703FE0097782D /* FlicksTests.swift in Sources */ = {isa = PBXBuildFile; fileRef = C72EFA7F1E4703FE0097782D /* FlicksTests.swift */; };
		C72EFA8B1E4703FE0097782D /* FlicksUITests.swift in Sources */ = {isa = PBXBuildFile; fileRef = C72EFA8A1E4703FE0097782D /* FlicksUITests.swift */; };
		C72EFA991E47044D0097782D /* MoviesViewController.swift in Sources */ = {isa = PBXBuildFile; fileRef = C72EFA981E47044D0097782D /* MoviesViewController.swift */; };
		C789F3BF1E531C4200DAB2BA /* MovieCollectionCell.swift in Sources */ = {isa = PBXBuildFile; fileRef = C789F3BE1E531C4100DAB2BA /* MovieCollectionCell.swift */; };
		C7B0072F1E4AD65300B67345 /* DetailViewController.swift in Sources */ = {isa = PBXBuildFile; fileRef = C7B0072E1E4AD65300B67345 /* DetailViewController.swift */; };
		C7CD69A21E567589005D2572 /* MovieCollectionsViewController.swift in Sources */ = {isa = PBXBuildFile; fileRef = C7CD69A11E567589005D2572 /* MovieCollectionsViewController.swift */; };
		D8DA4CC578071E63D98DD3E8 /* Pods_FlicksTests.framework in Frameworks */ = {isa = PBXBuildFile; fileRef = 7355F544A6044D9EC5254AC0 /* Pods_FlicksTests.framework */; };
/* End PBXBuildFile section */

/* Begin PBXContainerItemProxy section */
		C72EFA7C1E4703FE0097782D /* PBXContainerItemProxy */ = {
			isa = PBXContainerItemProxy;
			containerPortal = C72EFA5F1E4703FD0097782D /* Project object */;
			proxyType = 1;
			remoteGlobalIDString = C72EFA661E4703FD0097782D;
			remoteInfo = Flicks;
		};
		C72EFA871E4703FE0097782D /* PBXContainerItemProxy */ = {
			isa = PBXContainerItemProxy;
			containerPortal = C72EFA5F1E4703FD0097782D /* Project object */;
			proxyType = 1;
			remoteGlobalIDString = C72EFA661E4703FD0097782D;
			remoteInfo = Flicks;
		};
/* End PBXContainerItemProxy section */

/* Begin PBXFileReference section */
		07EDDB4F9E7661FE44FB4B55 /* Pods-Flicks.debug.xcconfig */ = {isa = PBXFileReference; includeInIndex = 1; lastKnownFileType = text.xcconfig; name = "Pods-Flicks.debug.xcconfig"; path = "Pods/Target Support Files/Pods-Flicks/Pods-Flicks.debug.xcconfig"; sourceTree = "<group>"; };
		09B0C1F9614B018C39F320AA /* Pods-Flicks.release.xcconfig */ = {isa = PBXFileReference; includeInIndex = 1; lastKnownFileType = text.xcconfig; name = "Pods-Flicks.release.xcconfig"; path = "Pods/Target Support Files/Pods-Flicks/Pods-Flicks.release.xcconfig"; sourceTree = "<group>"; };
		1374694BA843467646807CC9 /* Pods_FlicksUITests.framework */ = {isa = PBXFileReference; explicitFileType = wrapper.framework; includeInIndex = 0; path = Pods_FlicksUITests.framework; sourceTree = BUILT_PRODUCTS_DIR; };
		1B39C5F6C980EE3FB78AE03E /* Pods-FlicksUITests.debug.xcconfig */ = {isa = PBXFileReference; includeInIndex = 1; lastKnownFileType = text.xcconfig; name = "Pods-FlicksUITests.debug.xcconfig"; path = "Pods/Target Support Files/Pods-FlicksUITests/Pods-FlicksUITests.debug.xcconfig"; sourceTree = "<group>"; };
		32D29FEF92EF2DC61F31D6A4 /* Pods_Flicks.framework */ = {isa = PBXFileReference; explicitFileType = wrapper.framework; includeInIndex = 0; path = Pods_Flicks.framework; sourceTree = BUILT_PRODUCTS_DIR; };
		5CCEF458473753A301B4D8C2 /* Pods-FlicksTests.debug.xcconfig */ = {isa = PBXFileReference; includeInIndex = 1; lastKnownFileType = text.xcconfig; name = "Pods-FlicksTests.debug.xcconfig"; path = "Pods/Target Support Files/Pods-FlicksTests/Pods-FlicksTests.debug.xcconfig"; sourceTree = "<group>"; };
		7355F544A6044D9EC5254AC0 /* Pods_FlicksTests.framework */ = {isa = PBXFileReference; explicitFileType = wrapper.framework; includeInIndex = 0; path = Pods_FlicksTests.framework; sourceTree = BUILT_PRODUCTS_DIR; };
		A8E1E56881913128EC85C5FD /* Pods-FlicksTests.release.xcconfig */ = {isa = PBXFileReference; includeInIndex = 1; lastKnownFileType = text.xcconfig; name = "Pods-FlicksTests.release.xcconfig"; path = "Pods/Target Support Files/Pods-FlicksTests/Pods-FlicksTests.release.xcconfig"; sourceTree = "<group>"; };
		B5552A991E484F44009A87D9 /* MovieCell.swift */ = {isa = PBXFileReference; fileEncoding = 4; lastKnownFileType = sourcecode.swift; path = MovieCell.swift; sourceTree = "<group>"; };
		C72EFA671E4703FE0097782D /* Flicks.app */ = {isa = PBXFileReference; explicitFileType = wrapper.application; includeInIndex = 0; path = Flicks.app; sourceTree = BUILT_PRODUCTS_DIR; };
		C72EFA6A1E4703FE0097782D /* AppDelegate.swift */ = {isa = PBXFileReference; lastKnownFileType = sourcecode.swift; path = AppDelegate.swift; sourceTree = "<group>"; };
		C72EFA6F1E4703FE0097782D /* Base */ = {isa = PBXFileReference; lastKnownFileType = file.storyboard; name = Base; path = Base.lproj/Main.storyboard; sourceTree = "<group>"; };
		C72EFA711E4703FE0097782D /* Assets.xcassets */ = {isa = PBXFileReference; lastKnownFileType = folder.assetcatalog; path = Assets.xcassets; sourceTree = "<group>"; };
		C72EFA741E4703FE0097782D /* Base */ = {isa = PBXFileReference; lastKnownFileType = file.storyboard; name = Base; path = Base.lproj/LaunchScreen.storyboard; sourceTree = "<group>"; };
		C72EFA761E4703FE0097782D /* Info.plist */ = {isa = PBXFileReference; lastKnownFileType = text.plist.xml; path = Info.plist; sourceTree = "<group>"; };
		C72EFA7B1E4703FE0097782D /* FlicksTests.xctest */ = {isa = PBXFileReference; explicitFileType = wrapper.cfbundle; includeInIndex = 0; path = FlicksTests.xctest; sourceTree = BUILT_PRODUCTS_DIR; };
		C72EFA7F1E4703FE0097782D /* FlicksTests.swift */ = {isa = PBXFileReference; lastKnownFileType = sourcecode.swift; path = FlicksTests.swift; sourceTree = "<group>"; };
		C72EFA811E4703FE0097782D /* Info.plist */ = {isa = PBXFileReference; lastKnownFileType = text.plist.xml; path = Info.plist; sourceTree = "<group>"; };
		C72EFA861E4703FE0097782D /* FlicksUITests.xctest */ = {isa = PBXFileReference; explicitFileType = wrapper.cfbundle; includeInIndex = 0; path = FlicksUITests.xctest; sourceTree = BUILT_PRODUCTS_DIR; };
		C72EFA8A1E4703FE0097782D /* FlicksUITests.swift */ = {isa = PBXFileReference; lastKnownFileType = sourcecode.swift; path = FlicksUITests.swift; sourceTree = "<group>"; };
		C72EFA8C1E4703FE0097782D /* Info.plist */ = {isa = PBXFileReference; lastKnownFileType = text.plist.xml; path = Info.plist; sourceTree = "<group>"; };
		C72EFA981E47044D0097782D /* MoviesViewController.swift */ = {isa = PBXFileReference; fileEncoding = 4; lastKnownFileType = sourcecode.swift; path = MoviesViewController.swift; sourceTree = "<group>"; };
		C789F3BE1E531C4100DAB2BA /* MovieCollectionCell.swift */ = {isa = PBXFileReference; fileEncoding = 4; lastKnownFileType = sourcecode.swift; path = MovieCollectionCell.swift; sourceTree = "<group>"; };
		C7B0072E1E4AD65300B67345 /* DetailViewController.swift */ = {isa = PBXFileReference; fileEncoding = 4; lastKnownFileType = sourcecode.swift; path = DetailViewController.swift; sourceTree = "<group>"; };
		C7CD69A11E567589005D2572 /* MovieCollectionsViewController.swift */ = {isa = PBXFileReference; fileEncoding = 4; lastKnownFileType = sourcecode.swift; path = MovieCollectionsViewController.swift; sourceTree = "<group>"; };
		F7B0FB6B7C1FBB882B31CD1E /* Pods-FlicksUITests.release.xcconfig */ = {isa = PBXFileReference; includeInIndex = 1; lastKnownFileType = text.xcconfig; name = "Pods-FlicksUITests.release.xcconfig"; path = "Pods/Target Support Files/Pods-FlicksUITests/Pods-FlicksUITests.release.xcconfig"; sourceTree = "<group>"; };
/* End PBXFileReference section */

/* Begin PBXFrameworksBuildPhase section */
		C72EFA641E4703FD0097782D /* Frameworks */ = {
			isa = PBXFrameworksBuildPhase;
			buildActionMask = 2147483647;
			files = (
				15C9A1982EA240D2FC743D59 /* Pods_Flicks.framework in Frameworks */,
			);
			runOnlyForDeploymentPostprocessing = 0;
		};
		C72EFA781E4703FE0097782D /* Frameworks */ = {
			isa = PBXFrameworksBuildPhase;
			buildActionMask = 2147483647;
			files = (
				D8DA4CC578071E63D98DD3E8 /* Pods_FlicksTests.framework in Frameworks */,
			);
			runOnlyForDeploymentPostprocessing = 0;
		};
		C72EFA831E4703FE0097782D /* Frameworks */ = {
			isa = PBXFrameworksBuildPhase;
			buildActionMask = 2147483647;
			files = (
				4A802F279FE912FEE281C62E /* Pods_FlicksUITests.framework in Frameworks */,
			);
			runOnlyForDeploymentPostprocessing = 0;
		};
/* End PBXFrameworksBuildPhase section */

/* Begin PBXGroup section */
		2793218B566AD7567C87F0AC /* Frameworks */ = {
			isa = PBXGroup;
			children = (
				32D29FEF92EF2DC61F31D6A4 /* Pods_Flicks.framework */,
				7355F544A6044D9EC5254AC0 /* Pods_FlicksTests.framework */,
				1374694BA843467646807CC9 /* Pods_FlicksUITests.framework */,
			);
			name = Frameworks;
			sourceTree = "<group>";
		};
		B5552A981E484F2D009A87D9 /* Views */ = {
			isa = PBXGroup;
			children = (
				B5552A991E484F44009A87D9 /* MovieCell.swift */,
				C789F3BE1E531C4100DAB2BA /* MovieCollectionCell.swift */,
			);
			name = Views;
			sourceTree = "<group>";
		};
		B5552A9B1E484F49009A87D9 /* View controllers */ = {
			isa = PBXGroup;
			children = (
				C72EFA981E47044D0097782D /* MoviesViewController.swift */,
				C7B0072E1E4AD65300B67345 /* DetailViewController.swift */,
				C7CD69A11E567589005D2572 /* MovieCollectionsViewController.swift */,
			);
			name = "View controllers";
			sourceTree = "<group>";
		};
		B9808E188B4FE442DD2F6D14 /* Pods */ = {
			isa = PBXGroup;
			children = (
				07EDDB4F9E7661FE44FB4B55 /* Pods-Flicks.debug.xcconfig */,
				09B0C1F9614B018C39F320AA /* Pods-Flicks.release.xcconfig */,
				5CCEF458473753A301B4D8C2 /* Pods-FlicksTests.debug.xcconfig */,
				A8E1E56881913128EC85C5FD /* Pods-FlicksTests.release.xcconfig */,
				1B39C5F6C980EE3FB78AE03E /* Pods-FlicksUITests.debug.xcconfig */,
				F7B0FB6B7C1FBB882B31CD1E /* Pods-FlicksUITests.release.xcconfig */,
			);
			name = Pods;
			sourceTree = "<group>";
		};
		C72EFA5E1E4703FD0097782D = {
			isa = PBXGroup;
			children = (
				C72EFA691E4703FE0097782D /* Flicks */,
				C72EFA7E1E4703FE0097782D /* FlicksTests */,
				C72EFA891E4703FE0097782D /* FlicksUITests */,
				C72EFA681E4703FE0097782D /* Products */,
				B9808E188B4FE442DD2F6D14 /* Pods */,
				2793218B566AD7567C87F0AC /* Frameworks */,
			);
			sourceTree = "<group>";
		};
		C72EFA681E4703FE0097782D /* Products */ = {
			isa = PBXGroup;
			children = (
				C72EFA671E4703FE0097782D /* Flicks.app */,
				C72EFA7B1E4703FE0097782D /* FlicksTests.xctest */,
				C72EFA861E4703FE0097782D /* FlicksUITests.xctest */,
			);
			name = Products;
			sourceTree = "<group>";
		};
		C72EFA691E4703FE0097782D /* Flicks */ = {
			isa = PBXGroup;
			children = (
				B5552A9B1E484F49009A87D9 /* View controllers */,
				B5552A981E484F2D009A87D9 /* Views */,
				C72EFA6A1E4703FE0097782D /* AppDelegate.swift */,
				C72EFA6E1E4703FE0097782D /* Main.storyboard */,
				C72EFA711E4703FE0097782D /* Assets.xcassets */,
				C72EFA731E4703FE0097782D /* LaunchScreen.storyboard */,
				C72EFA761E4703FE0097782D /* Info.plist */,
			);
			path = Flicks;
			sourceTree = "<group>";
		};
		C72EFA7E1E4703FE0097782D /* FlicksTests */ = {
			isa = PBXGroup;
			children = (
				C72EFA7F1E4703FE0097782D /* FlicksTests.swift */,
				C72EFA811E4703FE0097782D /* Info.plist */,
			);
			path = FlicksTests;
			sourceTree = "<group>";
		};
		C72EFA891E4703FE0097782D /* FlicksUITests */ = {
			isa = PBXGroup;
			children = (
				C72EFA8A1E4703FE0097782D /* FlicksUITests.swift */,
				C72EFA8C1E4703FE0097782D /* Info.plist */,
			);
			path = FlicksUITests;
			sourceTree = "<group>";
		};
/* End PBXGroup section */

/* Begin PBXNativeTarget section */
		C72EFA661E4703FD0097782D /* Flicks */ = {
			isa = PBXNativeTarget;
			buildConfigurationList = C72EFA8F1E4703FE0097782D /* Build configuration list for PBXNativeTarget "Flicks" */;
			buildPhases = (
				0DFCD6AB9578082237E05EFD /* [CP] Check Pods Manifest.lock */,
				C72EFA631E4703FD0097782D /* Sources */,
				C72EFA641E4703FD0097782D /* Frameworks */,
				C72EFA651E4703FD0097782D /* Resources */,
				E0206CA6EF381E1B71A12559 /* [CP] Embed Pods Frameworks */,
				C9E39E6B7D88E25EEBEED5F2 /* [CP] Copy Pods Resources */,
			);
			buildRules = (
			);
			dependencies = (
			);
			name = Flicks;
			productName = Flicks;
			productReference = C72EFA671E4703FE0097782D /* Flicks.app */;
			productType = "com.apple.product-type.application";
		};
		C72EFA7A1E4703FE0097782D /* FlicksTests */ = {
			isa = PBXNativeTarget;
			buildConfigurationList = C72EFA921E4703FE0097782D /* Build configuration list for PBXNativeTarget "FlicksTests" */;
			buildPhases = (
				9DBE8C1284153C313C433C2D /* [CP] Check Pods Manifest.lock */,
				C72EFA771E4703FE0097782D /* Sources */,
				C72EFA781E4703FE0097782D /* Frameworks */,
				C72EFA791E4703FE0097782D /* Resources */,
				99B6673075B4CE30C53B876C /* [CP] Embed Pods Frameworks */,
				F83B0142D7EC57AF65C95945 /* [CP] Copy Pods Resources */,
			);
			buildRules = (
			);
			dependencies = (
				C72EFA7D1E4703FE0097782D /* PBXTargetDependency */,
			);
			name = FlicksTests;
			productName = FlicksTests;
			productReference = C72EFA7B1E4703FE0097782D /* FlicksTests.xctest */;
			productType = "com.apple.product-type.bundle.unit-test";
		};
		C72EFA851E4703FE0097782D /* FlicksUITests */ = {
			isa = PBXNativeTarget;
			buildConfigurationList = C72EFA951E4703FE0097782D /* Build configuration list for PBXNativeTarget "FlicksUITests" */;
			buildPhases = (
				7BAB4AACF73A1F7B686505FB /* [CP] Check Pods Manifest.lock */,
				C72EFA821E4703FE0097782D /* Sources */,
				C72EFA831E4703FE0097782D /* Frameworks */,
				C72EFA841E4703FE0097782D /* Resources */,
				37E4B5E6B9CAEA7B6BB7E318 /* [CP] Embed Pods Frameworks */,
				1D50638D4B77578A3424E04D /* [CP] Copy Pods Resources */,
			);
			buildRules = (
			);
			dependencies = (
				C72EFA881E4703FE0097782D /* PBXTargetDependency */,
			);
			name = FlicksUITests;
			productName = FlicksUITests;
			productReference = C72EFA861E4703FE0097782D /* FlicksUITests.xctest */;
			productType = "com.apple.product-type.bundle.ui-testing";
		};
/* End PBXNativeTarget section */

/* Begin PBXProject section */
		C72EFA5F1E4703FD0097782D /* Project object */ = {
			isa = PBXProject;
			attributes = {
				LastSwiftUpdateCheck = 0820;
				LastUpgradeCheck = 0820;
				ORGANIZATIONNAME = "Sean Nam";
				TargetAttributes = {
					C72EFA661E4703FD0097782D = {
						CreatedOnToolsVersion = 8.2.1;
						ProvisioningStyle = Automatic;
					};
					C72EFA7A1E4703FE0097782D = {
						CreatedOnToolsVersion = 8.2.1;
						ProvisioningStyle = Automatic;
						TestTargetID = C72EFA661E4703FD0097782D;
					};
					C72EFA851E4703FE0097782D = {
						CreatedOnToolsVersion = 8.2.1;
						ProvisioningStyle = Automatic;
						TestTargetID = C72EFA661E4703FD0097782D;
					};
				};
			};
			buildConfigurationList = C72EFA621E4703FD0097782D /* Build configuration list for PBXProject "Flicks" */;
			compatibilityVersion = "Xcode 3.2";
			developmentRegion = English;
			hasScannedForEncodings = 0;
			knownRegions = (
				en,
				Base,
			);
			mainGroup = C72EFA5E1E4703FD0097782D;
			productRefGroup = C72EFA681E4703FE0097782D /* Products */;
			projectDirPath = "";
			projectRoot = "";
			targets = (
				C72EFA661E4703FD0097782D /* Flicks */,
				C72EFA7A1E4703FE0097782D /* FlicksTests */,
				C72EFA851E4703FE0097782D /* FlicksUITests */,
			);
		};
/* End PBXProject section */

/* Begin PBXResourcesBuildPhase section */
		C72EFA651E4703FD0097782D /* Resources */ = {
			isa = PBXResourcesBuildPhase;
			buildActionMask = 2147483647;
			files = (
				C72EFA751E4703FE0097782D /* LaunchScreen.storyboard in Resources */,
				C72EFA721E4703FE0097782D /* Assets.xcassets in Resources */,
				C72EFA701E4703FE0097782D /* Main.storyboard in Resources */,
			);
			runOnlyForDeploymentPostprocessing = 0;
		};
		C72EFA791E4703FE0097782D /* Resources */ = {
			isa = PBXResourcesBuildPhase;
			buildActionMask = 2147483647;
			files = (
			);
			runOnlyForDeploymentPostprocessing = 0;
		};
		C72EFA841E4703FE0097782D /* Resources */ = {
			isa = PBXResourcesBuildPhase;
			buildActionMask = 2147483647;
			files = (
			);
			runOnlyForDeploymentPostprocessing = 0;
		};
/* End PBXResourcesBuildPhase section */

/* Begin PBXShellScriptBuildPhase section */
		0DFCD6AB9578082237E05EFD /* [CP] Check Pods Manifest.lock */ = {
			isa = PBXShellScriptBuildPhase;
			buildActionMask = 2147483647;
			files = (
			);
			inputPaths = (
			);
			name = "[CP] Check Pods Manifest.lock";
			outputPaths = (
			);
			runOnlyForDeploymentPostprocessing = 0;
			shellPath = /bin/sh;
			shellScript = "diff \"${PODS_ROOT}/../Podfile.lock\" \"${PODS_ROOT}/Manifest.lock\" > /dev/null\nif [ $? != 0 ] ; then\n    # print error to STDERR\n    echo \"error: The sandbox is not in sync with the Podfile.lock. Run 'pod install' or update your CocoaPods installation.\" >&2\n    exit 1\nfi\n";
			showEnvVarsInLog = 0;
		};
		1D50638D4B77578A3424E04D /* [CP] Copy Pods Resources */ = {
			isa = PBXShellScriptBuildPhase;
			buildActionMask = 2147483647;
			files = (
			);
			inputPaths = (
			);
			name = "[CP] Copy Pods Resources";
			outputPaths = (
			);
			runOnlyForDeploymentPostprocessing = 0;
			shellPath = /bin/sh;
			shellScript = "\"${SRCROOT}/Pods/Target Support Files/Pods-FlicksUITests/Pods-FlicksUITests-resources.sh\"\n";
			showEnvVarsInLog = 0;
		};
		37E4B5E6B9CAEA7B6BB7E318 /* [CP] Embed Pods Frameworks */ = {
			isa = PBXShellScriptBuildPhase;
			buildActionMask = 2147483647;
			files = (
			);
			inputPaths = (
			);
			name = "[CP] Embed Pods Frameworks";
			outputPaths = (
			);
			runOnlyForDeploymentPostprocessing = 0;
			shellPath = /bin/sh;
			shellScript = "\"${SRCROOT}/Pods/Target Support Files/Pods-FlicksUITests/Pods-FlicksUITests-frameworks.sh\"\n";
			showEnvVarsInLog = 0;
		};
		7BAB4AACF73A1F7B686505FB /* [CP] Check Pods Manifest.lock */ = {
			isa = PBXShellScriptBuildPhase;
			buildActionMask = 2147483647;
			files = (
			);
			inputPaths = (
			);
			name = "[CP] Check Pods Manifest.lock";
			outputPaths = (
			);
			runOnlyForDeploymentPostprocessing = 0;
			shellPath = /bin/sh;
			shellScript = "diff \"${PODS_ROOT}/../Podfile.lock\" \"${PODS_ROOT}/Manifest.lock\" > /dev/null\nif [ $? != 0 ] ; then\n    # print error to STDERR\n    echo \"error: The sandbox is not in sync with the Podfile.lock. Run 'pod install' or update your CocoaPods installation.\" >&2\n    exit 1\nfi\n";
			showEnvVarsInLog = 0;
		};
		99B6673075B4CE30C53B876C /* [CP] Embed Pods Frameworks */ = {
			isa = PBXShellScriptBuildPhase;
			buildActionMask = 2147483647;
			files = (
			);
			inputPaths = (
			);
			name = "[CP] Embed Pods Frameworks";
			outputPaths = (
			);
			runOnlyForDeploymentPostprocessing = 0;
			shellPath = /bin/sh;
			shellScript = "\"${SRCROOT}/Pods/Target Support Files/Pods-FlicksTests/Pods-FlicksTests-frameworks.sh\"\n";
			showEnvVarsInLog = 0;
		};
		9DBE8C1284153C313C433C2D /* [CP] Check Pods Manifest.lock */ = {
			isa = PBXShellScriptBuildPhase;
			buildActionMask = 2147483647;
			files = (
			);
			inputPaths = (
			);
			name = "[CP] Check Pods Manifest.lock";
			outputPaths = (
			);
			runOnlyForDeploymentPostprocessing = 0;
			shellPath = /bin/sh;
			shellScript = "diff \"${PODS_ROOT}/../Podfile.lock\" \"${PODS_ROOT}/Manifest.lock\" > /dev/null\nif [ $? != 0 ] ; then\n    # print error to STDERR\n    echo \"error: The sandbox is not in sync with the Podfile.lock. Run 'pod install' or update your CocoaPods installation.\" >&2\n    exit 1\nfi\n";
			showEnvVarsInLog = 0;
		};
		C9E39E6B7D88E25EEBEED5F2 /* [CP] Copy Pods Resources */ = {
			isa = PBXShellScriptBuildPhase;
			buildActionMask = 2147483647;
			files = (
			);
			inputPaths = (
			);
			name = "[CP] Copy Pods Resources";
			outputPaths = (
			);
			runOnlyForDeploymentPostprocessing = 0;
			shellPath = /bin/sh;
			shellScript = "\"${SRCROOT}/Pods/Target Support Files/Pods-Flicks/Pods-Flicks-resources.sh\"\n";
			showEnvVarsInLog = 0;
		};
		E0206CA6EF381E1B71A12559 /* [CP] Embed Pods Frameworks */ = {
			isa = PBXShellScriptBuildPhase;
			buildActionMask = 2147483647;
			files = (
			);
			inputPaths = (
			);
			name = "[CP] Embed Pods Frameworks";
			outputPaths = (
			);
			runOnlyForDeploymentPostprocessing = 0;
			shellPath = /bin/sh;
			shellScript = "\"${SRCROOT}/Pods/Target Support Files/Pods-Flicks/Pods-Flicks-frameworks.sh\"\n";
			showEnvVarsInLog = 0;
		};
		F83B0142D7EC57AF65C95945 /* [CP] Copy Pods Resources */ = {
			isa = PBXShellScriptBuildPhase;
			buildActionMask = 2147483647;
			files = (
			);
			inputPaths = (
			);
			name = "[CP] Copy Pods Resources";
			outputPaths = (
			);
			runOnlyForDeploymentPostprocessing = 0;
			shellPath = /bin/sh;
			shellScript = "\"${SRCROOT}/Pods/Target Support Files/Pods-FlicksTests/Pods-FlicksTests-resources.sh\"\n";
			showEnvVarsInLog = 0;
		};
/* End PBXShellScriptBuildPhase section */

/* Begin PBXSourcesBuildPhase section */
		C72EFA631E4703FD0097782D /* Sources */ = {
			isa = PBXSourcesBuildPhase;
			buildActionMask = 2147483647;
			files = (
				B5552A9A1E484F44009A87D9 /* MovieCell.swift in Sources */,
				C789F3BF1E531C4200DAB2BA /* MovieCollectionCell.swift in Sources */,
				C72EFA6B1E4703FE0097782D /* AppDelegate.swift in Sources */,
				C72EFA991E47044D0097782D /* MoviesViewController.swift in Sources */,
				C7B0072F1E4AD65300B67345 /* DetailViewController.swift in Sources */,
				C7CD69A21E567589005D2572 /* MovieCollectionsViewController.swift in Sources */,
			);
			runOnlyForDeploymentPostprocessing = 0;
		};
		C72EFA771E4703FE0097782D /* Sources */ = {
			isa = PBXSourcesBuildPhase;
			buildActionMask = 2147483647;
			files = (
				C72EFA801E4703FE0097782D /* FlicksTests.swift in Sources */,
			);
			runOnlyForDeploymentPostprocessing = 0;
		};
		C72EFA821E4703FE0097782D /* Sources */ = {
			isa = PBXSourcesBuildPhase;
			buildActionMask = 2147483647;
			files = (
				C72EFA8B1E4703FE0097782D /* FlicksUITests.swift in Sources */,
			);
			runOnlyForDeploymentPostprocessing = 0;
		};
/* End PBXSourcesBuildPhase section */

/* Begin PBXTargetDependency section */
		C72EFA7D1E4703FE0097782D /* PBXTargetDependency */ = {
			isa = PBXTargetDependency;
			target = C72EFA661E4703FD0097782D /* Flicks */;
			targetProxy = C72EFA7C1E4703FE0097782D /* PBXContainerItemProxy */;
		};
		C72EFA881E4703FE0097782D /* PBXTargetDependency */ = {
			isa = PBXTargetDependency;
			target = C72EFA661E4703FD0097782D /* Flicks */;
			targetProxy = C72EFA871E4703FE0097782D /* PBXContainerItemProxy */;
		};
/* End PBXTargetDependency section */

/* Begin PBXVariantGroup section */
		C72EFA6E1E4703FE0097782D /* Main.storyboard */ = {
			isa = PBXVariantGroup;
			children = (
				C72EFA6F1E4703FE0097782D /* Base */,
			);
			name = Main.storyboard;
			sourceTree = "<group>";
		};
		C72EFA731E4703FE0097782D /* LaunchScreen.storyboard */ = {
			isa = PBXVariantGroup;
			children = (
				C72EFA741E4703FE0097782D /* Base */,
			);
			name = LaunchScreen.storyboard;
			sourceTree = "<group>";
		};
/* End PBXVariantGroup section */

/* Begin XCBuildConfiguration section */
		C72EFA8D1E4703FE0097782D /* Debug */ = {
			isa = XCBuildConfiguration;
			buildSettings = {
				ALWAYS_SEARCH_USER_PATHS = NO;
				CLANG_ANALYZER_NONNULL = YES;
				CLANG_CXX_LANGUAGE_STANDARD = "gnu++0x";
				CLANG_CXX_LIBRARY = "libc++";
				CLANG_ENABLE_MODULES = YES;
				CLANG_ENABLE_OBJC_ARC = YES;
				CLANG_WARN_BOOL_CONVERSION = YES;
				CLANG_WARN_CONSTANT_CONVERSION = YES;
				CLANG_WARN_DIRECT_OBJC_ISA_USAGE = YES_ERROR;
				CLANG_WARN_DOCUMENTATION_COMMENTS = YES;
				CLANG_WARN_EMPTY_BODY = YES;
				CLANG_WARN_ENUM_CONVERSION = YES;
				CLANG_WARN_INFINITE_RECURSION = YES;
				CLANG_WARN_INT_CONVERSION = YES;
				CLANG_WARN_OBJC_ROOT_CLASS = YES_ERROR;
				CLANG_WARN_SUSPICIOUS_MOVE = YES;
				CLANG_WARN_UNREACHABLE_CODE = YES;
				CLANG_WARN__DUPLICATE_METHOD_MATCH = YES;
				"CODE_SIGN_IDENTITY[sdk=iphoneos*]" = "iPhone Developer";
				COPY_PHASE_STRIP = NO;
				DEBUG_INFORMATION_FORMAT = dwarf;
				ENABLE_STRICT_OBJC_MSGSEND = YES;
				ENABLE_TESTABILITY = YES;
				GCC_C_LANGUAGE_STANDARD = gnu99;
				GCC_DYNAMIC_NO_PIC = NO;
				GCC_NO_COMMON_BLOCKS = YES;
				GCC_OPTIMIZATION_LEVEL = 0;
				GCC_PREPROCESSOR_DEFINITIONS = (
					"DEBUG=1",
					"$(inherited)",
				);
				GCC_WARN_64_TO_32_BIT_CONVERSION = YES;
				GCC_WARN_ABOUT_RETURN_TYPE = YES_ERROR;
				GCC_WARN_UNDECLARED_SELECTOR = YES;
				GCC_WARN_UNINITIALIZED_AUTOS = YES_AGGRESSIVE;
				GCC_WARN_UNUSED_FUNCTION = YES;
				GCC_WARN_UNUSED_VARIABLE = YES;
				IPHONEOS_DEPLOYMENT_TARGET = 10.2;
				MTL_ENABLE_DEBUG_INFO = YES;
				ONLY_ACTIVE_ARCH = YES;
				SDKROOT = iphoneos;
				SWIFT_ACTIVE_COMPILATION_CONDITIONS = DEBUG;
				SWIFT_OPTIMIZATION_LEVEL = "-Onone";
				TARGETED_DEVICE_FAMILY = "1,2";
			};
			name = Debug;
		};
		C72EFA8E1E4703FE0097782D /* Release */ = {
			isa = XCBuildConfiguration;
			buildSettings = {
				ALWAYS_SEARCH_USER_PATHS = NO;
				CLANG_ANALYZER_NONNULL = YES;
				CLANG_CXX_LANGUAGE_STANDARD = "gnu++0x";
				CLANG_CXX_LIBRARY = "libc++";
				CLANG_ENABLE_MODULES = YES;
				CLANG_ENABLE_OBJC_ARC = YES;
				CLANG_WARN_BOOL_CONVERSION = YES;
				CLANG_WARN_CONSTANT_CONVERSION = YES;
				CLANG_WARN_DIRECT_OBJC_ISA_USAGE = YES_ERROR;
				CLANG_WARN_DOCUMENTATION_COMMENTS = YES;
				CLANG_WARN_EMPTY_BODY = YES;
				CLANG_WARN_ENUM_CONVERSION = YES;
				CLANG_WARN_INFINITE_RECURSION = YES;
				CLANG_WARN_INT_CONVERSION = YES;
				CLANG_WARN_OBJC_ROOT_CLASS = YES_ERROR;
				CLANG_WARN_SUSPICIOUS_MOVE = YES;
				CLANG_WARN_UNREACHABLE_CODE = YES;
				CLANG_WARN__DUPLICATE_METHOD_MATCH = YES;
				"CODE_SIGN_IDENTITY[sdk=iphoneos*]" = "iPhone Developer";
				COPY_PHASE_STRIP = NO;
				DEBUG_INFORMATION_FORMAT = "dwarf-with-dsym";
				ENABLE_NS_ASSERTIONS = NO;
				ENABLE_STRICT_OBJC_MSGSEND = YES;
				GCC_C_LANGUAGE_STANDARD = gnu99;
				GCC_NO_COMMON_BLOCKS = YES;
				GCC_WARN_64_TO_32_BIT_CONVERSION = YES;
				GCC_WARN_ABOUT_RETURN_TYPE = YES_ERROR;
				GCC_WARN_UNDECLARED_SELECTOR = YES;
				GCC_WARN_UNINITIALIZED_AUTOS = YES_AGGRESSIVE;
				GCC_WARN_UNUSED_FUNCTION = YES;
				GCC_WARN_UNUSED_VARIABLE = YES;
				IPHONEOS_DEPLOYMENT_TARGET = 10.2;
				MTL_ENABLE_DEBUG_INFO = NO;
				SDKROOT = iphoneos;
				SWIFT_OPTIMIZATION_LEVEL = "-Owholemodule";
				TARGETED_DEVICE_FAMILY = "1,2";
				VALIDATE_PRODUCT = YES;
			};
			name = Release;
		};
		C72EFA901E4703FE0097782D /* Debug */ = {
			isa = XCBuildConfiguration;
			baseConfigurationReference = 07EDDB4F9E7661FE44FB4B55 /* Pods-Flicks.debug.xcconfig */;
			buildSettings = {
				ASSETCATALOG_COMPILER_APPICON_NAME = AppIcon;
				INFOPLIST_FILE = Flicks/Info.plist;
				LD_RUNPATH_SEARCH_PATHS = "$(inherited) @executable_path/Frameworks";
				PRODUCT_BUNDLE_IDENTIFIER = com.seannam.Flicks;
				PRODUCT_NAME = "$(TARGET_NAME)";
				SWIFT_VERSION = 3.0;
			};
			name = Debug;
		};
		C72EFA911E4703FE0097782D /* Release */ = {
			isa = XCBuildConfiguration;
			baseConfigurationReference = 09B0C1F9614B018C39F320AA /* Pods-Flicks.release.xcconfig */;
			buildSettings = {
				ASSETCATALOG_COMPILER_APPICON_NAME = AppIcon;
				INFOPLIST_FILE = Flicks/Info.plist;
				LD_RUNPATH_SEARCH_PATHS = "$(inherited) @executable_path/Frameworks";
				PRODUCT_BUNDLE_IDENTIFIER = com.seannam.Flicks;
				PRODUCT_NAME = "$(TARGET_NAME)";
				SWIFT_VERSION = 3.0;
			};
			name = Release;
		};
		C72EFA931E4703FE0097782D /* Debug */ = {
			isa = XCBuildConfiguration;
			baseConfigurationReference = 5CCEF458473753A301B4D8C2 /* Pods-FlicksTests.debug.xcconfig */;
			buildSettings = {
				ALWAYS_EMBED_SWIFT_STANDARD_LIBRARIES = YES;
				BUNDLE_LOADER = "$(TEST_HOST)";
				INFOPLIST_FILE = FlicksTests/Info.plist;
				LD_RUNPATH_SEARCH_PATHS = "$(inherited) @executable_path/Frameworks @loader_path/Frameworks";
				PRODUCT_BUNDLE_IDENTIFIER = com.seannam.FlicksTests;
				PRODUCT_NAME = "$(TARGET_NAME)";
				SWIFT_VERSION = 3.0;
				TEST_HOST = "$(BUILT_PRODUCTS_DIR)/Flicks.app/Flicks";
			};
			name = Debug;
		};
		C72EFA941E4703FE0097782D /* Release */ = {
			isa = XCBuildConfiguration;
			baseConfigurationReference = A8E1E56881913128EC85C5FD /* Pods-FlicksTests.release.xcconfig */;
			buildSettings = {
				ALWAYS_EMBED_SWIFT_STANDARD_LIBRARIES = YES;
				BUNDLE_LOADER = "$(TEST_HOST)";
				INFOPLIST_FILE = FlicksTests/Info.plist;
				LD_RUNPATH_SEARCH_PATHS = "$(inherited) @executable_path/Frameworks @loader_path/Frameworks";
				PRODUCT_BUNDLE_IDENTIFIER = com.seannam.FlicksTests;
				PRODUCT_NAME = "$(TARGET_NAME)";
				SWIFT_VERSION = 3.0;
				TEST_HOST = "$(BUILT_PRODUCTS_DIR)/Flicks.app/Flicks";
			};
			name = Release;
		};
		C72EFA961E4703FE0097782D /* Debug */ = {
			isa = XCBuildConfiguration;
			baseConfigurationReference = 1B39C5F6C980EE3FB78AE03E /* Pods-FlicksUITests.debug.xcconfig */;
			buildSettings = {
				ALWAYS_EMBED_SWIFT_STANDARD_LIBRARIES = YES;
				INFOPLIST_FILE = FlicksUITests/Info.plist;
				LD_RUNPATH_SEARCH_PATHS = "$(inherited) @executable_path/Frameworks @loader_path/Frameworks";
				PRODUCT_BUNDLE_IDENTIFIER = com.seannam.FlicksUITests;
				PRODUCT_NAME = "$(TARGET_NAME)";
				SWIFT_VERSION = 3.0;
				TEST_TARGET_NAME = Flicks;
			};
			name = Debug;
		};
		C72EFA971E4703FE0097782D /* Release */ = {
			isa = XCBuildConfiguration;
			baseConfigurationReference = F7B0FB6B7C1FBB882B31CD1E /* Pods-FlicksUITests.release.xcconfig */;
			buildSettings = {
				ALWAYS_EMBED_SWIFT_STANDARD_LIBRARIES = YES;
				INFOPLIST_FILE = FlicksUITests/Info.plist;
				LD_RUNPATH_SEARCH_PATHS = "$(inherited) @executable_path/Frameworks @loader_path/Frameworks";
				PRODUCT_BUNDLE_IDENTIFIER = com.seannam.FlicksUITests;
				PRODUCT_NAME = "$(TARGET_NAME)";
				SWIFT_VERSION = 3.0;
				TEST_TARGET_NAME = Flicks;
			};
			name = Release;
		};
/* End XCBuildConfiguration section */

/* Begin XCConfigurationList section */
		C72EFA621E4703FD0097782D /* Build configuration list for PBXProject "Flicks" */ = {
			isa = XCConfigurationList;
			buildConfigurations = (
				C72EFA8D1E4703FE0097782D /* Debug */,
				C72EFA8E1E4703FE0097782D /* Release */,
			);
			defaultConfigurationIsVisible = 0;
			defaultConfigurationName = Release;
		};
		C72EFA8F1E4703FE0097782D /* Build configuration list for PBXNativeTarget "Flicks" */ = {
			isa = XCConfigurationList;
			buildConfigurations = (
				C72EFA901E4703FE0097782D /* Debug */,
				C72EFA911E4703FE0097782D /* Release */,
			);
			defaultConfigurationIsVisible = 0;
			defaultConfigurationName = Release;
		};
		C72EFA921E4703FE0097782D /* Build configuration list for PBXNativeTarget "FlicksTests" */ = {
			isa = XCConfigurationList;
			buildConfigurations = (
				C72EFA931E4703FE0097782D /* Debug */,
				C72EFA941E4703FE0097782D /* Release */,
			);
			defaultConfigurationIsVisible = 0;
			defaultConfigurationName = Release;
		};
		C72EFA951E4703FE0097782D /* Build configuration list for PBXNativeTarget "FlicksUITests" */ = {
			isa = XCConfigurationList;
			buildConfigurations = (
				C72EFA961E4703FE0097782D /* Debug */,
				C72EFA971E4703FE0097782D /* Release */,
			);
			defaultConfigurationIsVisible = 0;
			defaultConfigurationName = Release;
		};
/* End XCConfigurationList section */
	};
	rootObject = C72EFA5F1E4703FD0097782D /* Project object */;
}
